<Solution>
  <Folder Name="/src/">
    <Project Path="src/Sasd.Pims.Application/Sasd.Pims.Application.csproj" />
    <Project Path="src/Sasd.Pims.Domain/Sasd.Pims.Domain.csproj" />
    <Project Path="src/Sasd.Pims.Infrastructure/Sasd.Pims.Infrastructure.csproj" />
    <Project Path="src/Sasd.Pims.WinForms/Sasd.Pims.WinForms.csproj" />
  </Folder>
  <Folder Name="/tests/">
    <Project Path="tests/Sasd.Pims.Architecture.Tests/Sasd.Pims.Architecture.Tests.csproj" />
    <Project Path="tests/Sasd.Pims.Domain.Tests/Sasd.Pims.Domain.Tests.csproj" />
  </Folder>
</Solution>
